
Microsoft Visual Studio Solution File, Format Version 12.00
# Visual Studio Version 16
VisualStudioVersion = 16.0.31911.196
MinimumVisualStudioVersion = 10.0.40219.1
Project("{FAE04EC0-301F-11D3-BF4B-00C04F79EFBC}") = "1_LOI_CHAO_MO_DAU_1", "1_LOI_CHAO_MO_DAU_1\1_LOI_CHAO_MO_DAU_1.csproj", "{7B65849C-20EB-40B1-9060-4A64142EFEB8}"
EndProject
Global
	GlobalSection(SolutionConfigurationPlatforms) = preSolution
		Debug|Any CPU = Debug|Any CPU
		Release|Any CPU = Release|Any CPU
	EndGlobalSection
	GlobalSection(ProjectConfigurationPlatforms) = postSolution
		{7B65849C-20EB-40B1-9060-4A64142EFEB8}.Debug|Any CPU.ActiveCfg = Debug|Any CPU
		{7B65849C-20EB-40B1-9060-4A64142EFEB8}.Debug|Any CPU.Build.0 = Debug|Any CPU
		{7B65849C-20EB-40B1-9060-4A64142EFEB8}.Release|Any CPU.ActiveCfg = Release|Any CPU
		{7B65849C-20EB-40B1-9060-4A64142EFEB8}.Release|Any CPU.Build.0 = Release|Any CPU
	EndGlobalSection
	GlobalSection(SolutionProperties) = preSolution
		HideSolutionNode = FALSE
	EndGlobalSection
	GlobalSection(ExtensibilityGlobals) = postSolution
		SolutionGuid = {D5A2E16E-44C6-4440-8AC5-578DB8332374}
	EndGlobalSection
EndGlobal
