
Microsoft Visual Studio Solution File, Format Version 12.00
# Visual Studio Version 16
VisualStudioVersion = 16.0.31911.196
MinimumVisualStudioVersion = 10.0.40219.1
Project("{FAE04EC0-301F-11D3-BF4B-00C04F79EFBC}") = "hoc_json", "hoc_json\hoc_json.csproj", "{8A534E97-5C18-4CC7-8DB5-8C99FB5F2705}"
EndProject
Global
	GlobalSection(SolutionConfigurationPlatforms) = preSolution
		Debug|Any CPU = Debug|Any CPU
		Release|Any CPU = Release|Any CPU
	EndGlobalSection
	GlobalSection(ProjectConfigurationPlatforms) = postSolution
		{8A534E97-5C18-4CC7-8DB5-8C99FB5F2705}.Debug|Any CPU.ActiveCfg = Debug|Any CPU
		{8A534E97-5C18-4CC7-8DB5-8C99FB5F2705}.Debug|Any CPU.Build.0 = Debug|Any CPU
		{8A534E97-5C18-4CC7-8DB5-8C99FB5F2705}.Release|Any CPU.ActiveCfg = Release|Any CPU
		{8A534E97-5C18-4CC7-8DB5-8C99FB5F2705}.Release|Any CPU.Build.0 = Release|Any CPU
	EndGlobalSection
	GlobalSection(SolutionProperties) = preSolution
		HideSolutionNode = FALSE
	EndGlobalSection
	GlobalSection(ExtensibilityGlobals) = postSolution
		SolutionGuid = {609D7A2C-A63A-41F0-A0BB-64E48D31F671}
	EndGlobalSection
EndGlobal
